
Microsoft Visual Studio Solution File, Format Version 12.00
# Visual Studio 2012
Project("{FAE04EC0-301F-11D3-BF4B-00C04F79EFBC}") = "AngularJS-WebApi-CORS.Api", "AngularJS-WebApi-CORS.Api\AngularJS-WebApi-CORS.Api.csproj", "{086CFA3A-C395-4B4C-B8FE-0E6B86DF99B2}"
EndProject
Project("{E24C65DC-7377-472B-9ABA-BC803B73C61A}") = "AngularJS-WebApi-CORS.Web", "http://localhost:9087", "{7E679A8A-184A-4D2B-9973-64774E9074CE}"
	ProjectSection(WebsiteProperties) = preProject
		UseIISExpress = "true"
		TargetFrameworkMoniker = ".NETFramework,Version%3Dv4.5"
		Debug.AspNetCompiler.VirtualPath = "/localhost_9087"
		Debug.AspNetCompiler.PhysicalPath = "AngularJS-WebApi-CORS.Web\"
		Debug.AspNetCompiler.TargetPath = "PrecompiledWeb\localhost_9087\"
		Debug.AspNetCompiler.Updateable = "true"
		Debug.AspNetCompiler.ForceOverwrite = "true"
		Debug.AspNetCompiler.FixedNames = "false"
		Debug.AspNetCompiler.Debug = "True"
		Release.AspNetCompiler.VirtualPath = "/localhost_9087"
		Release.AspNetCompiler.PhysicalPath = "AngularJS-WebApi-CORS.Web\"
		Release.AspNetCompiler.TargetPath = "PrecompiledWeb\localhost_9087\"
		Release.AspNetCompiler.Updateable = "true"
		Release.AspNetCompiler.ForceOverwrite = "true"
		Release.AspNetCompiler.FixedNames = "false"
		Release.AspNetCompiler.Debug = "False"
		SlnRelativePath = "AngularJS-WebApi-CORS.Web\"
		DefaultWebSiteLanguage = "Visual C#"
	EndProjectSection
EndProject
Global
	GlobalSection(SolutionConfigurationPlatforms) = preSolution
		Debug|Any CPU = Debug|Any CPU
		Release|Any CPU = Release|Any CPU
	EndGlobalSection
	GlobalSection(ProjectConfigurationPlatforms) = postSolution
		{086CFA3A-C395-4B4C-B8FE-0E6B86DF99B2}.Debug|Any CPU.ActiveCfg = Debug|Any CPU
		{086CFA3A-C395-4B4C-B8FE-0E6B86DF99B2}.Debug|Any CPU.Build.0 = Debug|Any CPU
		{086CFA3A-C395-4B4C-B8FE-0E6B86DF99B2}.Release|Any CPU.ActiveCfg = Release|Any CPU
		{086CFA3A-C395-4B4C-B8FE-0E6B86DF99B2}.Release|Any CPU.Build.0 = Release|Any CPU
		{7E679A8A-184A-4D2B-9973-64774E9074CE}.Debug|Any CPU.ActiveCfg = Debug|Any CPU
		{7E679A8A-184A-4D2B-9973-64774E9074CE}.Debug|Any CPU.Build.0 = Debug|Any CPU
		{7E679A8A-184A-4D2B-9973-64774E9074CE}.Release|Any CPU.ActiveCfg = Debug|Any CPU
		{7E679A8A-184A-4D2B-9973-64774E9074CE}.Release|Any CPU.Build.0 = Debug|Any CPU
	EndGlobalSection
	GlobalSection(SolutionProperties) = preSolution
		HideSolutionNode = FALSE
	EndGlobalSection
EndGlobal
